<?xml version="1.0" encoding="UTF-8" standalone="yes" ?>
<CodeBlocks_project_file>
	<FileVersion major="1" minor="6" />
	<Project>
		<Option title="pl_szkielet02_win" />
		<Option pch_mode="2" />
		<Option compiler="gcc" />
		<Build>
			<Target title="Debug">
				<Option output="bin/Debug/pl_szkielet02_win" prefix_auto="1" extension_auto="1" />
				<Option object_output="obj/Debug/" />
				<Option type="1" />
				<Option compiler="gcc" />
				<Compiler>
					<Add option="-g" />
				</Compiler>
			</Target>
			<Target title="Release">
				<Option output="bin/Release/pl_szkielet02_win" prefix_auto="1" extension_auto="1" />
				<Option object_output="obj/Release/" />
				<Option type="1" />
				<Option compiler="gcc" />
				<Compiler>
					<Add option="-O2" />
				</Compiler>
				<Linker>
					<Add option="-s" />
				</Linker>
			</Target>
		</Build>
		<Compiler>
			<Add option="-Wall" />
			<Add option="-fexceptions" />
			<Add directory="." />
			<Add directory="glfw/include" />
			<Add directory="glew/include" />
		</Compiler>
		<Linker>
			<Add library="glfw3" />
			<Add library="opengl32" />
			<Add library="gdi32" />
			<Add library="glew/lib/glew32.lib" />
			<Add directory="glfw/lib" />
			<Add directory="glew/lib" />
		</Linker>
		<Unit filename="allmodels.h" />
		<Unit filename="constants.h" />
		<Unit filename="cube.cpp" />
		<Unit filename="cube.h" />
		<Unit filename="detailed_cube.cpp" />
		<Unit filename="detailed_cube.h" />
		<Unit filename="main_file.cpp" />
		<Unit filename="model.cpp" />
		<Unit filename="model.h" />
		<Unit filename="sphere.cpp" />
		<Unit filename="sphere.h" />
		<Unit filename="teapot.cpp" />
		<Unit filename="teapot.h" />
		<Unit filename="torus.cpp" />
		<Unit filename="torus.h" />
		<Extensions>
			<code_completion />
			<envvars />
			<debugger />
		</Extensions>
	</Project>
</CodeBlocks_project_file>
